
Microsoft Visual Studio Solution File, Format Version 12.00
# Visual Studio Version 17
VisualStudioVersion = 17.5.002.0
MinimumVisualStudioVersion = 10.0.40219.1
Project("{2150E333-8FDC-42A3-9474-1A3956D46DE8}") = "APL2007M4BankAccount", "APL2007M4BankAccount", "{434299F8-4857-4A20-8499-7A114578A856}"
EndProject
Project("{FAE04EC0-301F-11D3-BF4B-00C04F79EFBC}") = "BankAccount", "APL2007M4BankAccount\BankAccountClass\BankAccount.csproj", "{41EACFFC-A75A-4439-875E-E44BDB89BAC9}"
EndProject
Global
	GlobalSection(SolutionConfigurationPlatforms) = preSolution
		Debug|Any CPU = Debug|Any CPU
		Release|Any CPU = Release|Any CPU
	EndGlobalSection
	GlobalSection(ProjectConfigurationPlatforms) = postSolution
		{41EACFFC-A75A-4439-875E-E44BDB89BAC9}.Debug|Any CPU.ActiveCfg = Debug|Any CPU
		{41EACFFC-A75A-4439-875E-E44BDB89BAC9}.Debug|Any CPU.Build.0 = Debug|Any CPU
		{41EACFFC-A75A-4439-875E-E44BDB89BAC9}.Release|Any CPU.ActiveCfg = Release|Any CPU
		{41EACFFC-A75A-4439-875E-E44BDB89BAC9}.Release|Any CPU.Build.0 = Release|Any CPU
	EndGlobalSection
	GlobalSection(SolutionProperties) = preSolution
		HideSolutionNode = FALSE
	EndGlobalSection
	GlobalSection(ExtensibilityGlobals) = postSolution
		SolutionGuid = {A9368614-7CB7-4A21-A07A-9FBB298E2B41}
	EndGlobalSection
	GlobalSection(NestedProjects) = preSolution
		{41EACFFC-A75A-4439-875E-E44BDB89BAC9} = {434299F8-4857-4A20-8499-7A114578A856}
	EndGlobalSection
EndGlobal
