
Microsoft Visual Studio Solution File, Format Version 12.00
# Visual Studio Version 17
VisualStudioVersion = 17.5.002.0
MinimumVisualStudioVersion = 10.0.40219.1
Project("{2150E333-8FDC-42A3-9474-1A3956D46DE8}") = "APL2007M4PrimeService", "APL2007M4PrimeService", "{84B49036-DDD6-490B-891B-8A2DCDF98726}"
EndProject
Project("{9A19103F-16F7-4668-BE54-9A1E7A4F7556}") = "Numbers", "APL2007M4PrimeService\Numbers\Numbers.csproj", "{00F0B87D-7637-4A6B-A02C-C94174838687}"
EndProject
Project("{9A19103F-16F7-4668-BE54-9A1E7A4F7556}") = "PrimeService.UnitTests", "APL2007M4PrimeService\PrimeService.UnitTests\PrimeService.UnitTests.csproj", "{DDFDA86A-B29F-4E1F-A6CC-F564D2F91ED8}"
EndProject
Project("{2150E333-8FDC-42A3-9474-1A3956D46DE8}") = "APL2007M4PrimeService-UnitTests", "APL2007M4PrimeService-UnitTests", "{EB5B2EB4-A2FB-440C-AB8A-F4E66A26E2F5}"
EndProject
Project("{9A19103F-16F7-4668-BE54-9A1E7A4F7556}") = "Numbers", "APL2007M4PrimeService-UnitTests\Numbers\Numbers.csproj", "{AF95182F-B05F-41F6-A058-AE5BFA6B0F8E}"
EndProject
Project("{9A19103F-16F7-4668-BE54-9A1E7A4F7556}") = "PrimeService.UnitTests", "APL2007M4PrimeService-UnitTests\PrimeService.UnitTests\PrimeService.UnitTests.csproj", "{3BB6A17A-96B3-4E6D-AC4F-23D9229B478C}"
EndProject
Global
	GlobalSection(SolutionConfigurationPlatforms) = preSolution
		Debug|Any CPU = Debug|Any CPU
		Release|Any CPU = Release|Any CPU
	EndGlobalSection
	GlobalSection(ProjectConfigurationPlatforms) = postSolution
		{00F0B87D-7637-4A6B-A02C-C94174838687}.Debug|Any CPU.ActiveCfg = Debug|Any CPU
		{00F0B87D-7637-4A6B-A02C-C94174838687}.Debug|Any CPU.Build.0 = Debug|Any CPU
		{00F0B87D-7637-4A6B-A02C-C94174838687}.Release|Any CPU.ActiveCfg = Release|Any CPU
		{00F0B87D-7637-4A6B-A02C-C94174838687}.Release|Any CPU.Build.0 = Release|Any CPU
		{DDFDA86A-B29F-4E1F-A6CC-F564D2F91ED8}.Debug|Any CPU.ActiveCfg = Debug|Any CPU
		{DDFDA86A-B29F-4E1F-A6CC-F564D2F91ED8}.Debug|Any CPU.Build.0 = Debug|Any CPU
		{DDFDA86A-B29F-4E1F-A6CC-F564D2F91ED8}.Release|Any CPU.ActiveCfg = Release|Any CPU
		{DDFDA86A-B29F-4E1F-A6CC-F564D2F91ED8}.Release|Any CPU.Build.0 = Release|Any CPU
		{AF95182F-B05F-41F6-A058-AE5BFA6B0F8E}.Debug|Any CPU.ActiveCfg = Debug|Any CPU
		{AF95182F-B05F-41F6-A058-AE5BFA6B0F8E}.Debug|Any CPU.Build.0 = Debug|Any CPU
		{AF95182F-B05F-41F6-A058-AE5BFA6B0F8E}.Release|Any CPU.ActiveCfg = Release|Any CPU
		{AF95182F-B05F-41F6-A058-AE5BFA6B0F8E}.Release|Any CPU.Build.0 = Release|Any CPU
		{3BB6A17A-96B3-4E6D-AC4F-23D9229B478C}.Debug|Any CPU.ActiveCfg = Debug|Any CPU
		{3BB6A17A-96B3-4E6D-AC4F-23D9229B478C}.Debug|Any CPU.Build.0 = Debug|Any CPU
		{3BB6A17A-96B3-4E6D-AC4F-23D9229B478C}.Release|Any CPU.ActiveCfg = Release|Any CPU
		{3BB6A17A-96B3-4E6D-AC4F-23D9229B478C}.Release|Any CPU.Build.0 = Release|Any CPU
	EndGlobalSection
	GlobalSection(SolutionProperties) = preSolution
		HideSolutionNode = FALSE
	EndGlobalSection
	GlobalSection(NestedProjects) = preSolution
		{00F0B87D-7637-4A6B-A02C-C94174838687} = {84B49036-DDD6-490B-891B-8A2DCDF98726}
		{DDFDA86A-B29F-4E1F-A6CC-F564D2F91ED8} = {84B49036-DDD6-490B-891B-8A2DCDF98726}
		{AF95182F-B05F-41F6-A058-AE5BFA6B0F8E} = {EB5B2EB4-A2FB-440C-AB8A-F4E66A26E2F5}
		{3BB6A17A-96B3-4E6D-AC4F-23D9229B478C} = {EB5B2EB4-A2FB-440C-AB8A-F4E66A26E2F5}
	EndGlobalSection
	GlobalSection(ExtensibilityGlobals) = postSolution
		SolutionGuid = {CD83DE5E-D7D6-4D05-804A-D9396E055FFC}
	EndGlobalSection
EndGlobal
