
Microsoft Visual Studio Solution File, Format Version 12.00
# Visual Studio Version 17
VisualStudioVersion = 17.5.002.0
MinimumVisualStudioVersion = 10.0.40219.1
Project("{9A19103F-16F7-4668-BE54-9A1E7A4F7556}") = "BankAccount", "BankAccountClass\BankAccount.csproj", "{0C0D6C2A-D19C-4A0A-83FF-AF9466DEAAF6}"
EndProject
Global
	GlobalSection(SolutionConfigurationPlatforms) = preSolution
		Debug|Any CPU = Debug|Any CPU
		Release|Any CPU = Release|Any CPU
	EndGlobalSection
	GlobalSection(ProjectConfigurationPlatforms) = postSolution
		{0C0D6C2A-D19C-4A0A-83FF-AF9466DEAAF6}.Debug|Any CPU.ActiveCfg = Debug|Any CPU
		{0C0D6C2A-D19C-4A0A-83FF-AF9466DEAAF6}.Debug|Any CPU.Build.0 = Debug|Any CPU
		{0C0D6C2A-D19C-4A0A-83FF-AF9466DEAAF6}.Release|Any CPU.ActiveCfg = Release|Any CPU
		{0C0D6C2A-D19C-4A0A-83FF-AF9466DEAAF6}.Release|Any CPU.Build.0 = Release|Any CPU
	EndGlobalSection
	GlobalSection(SolutionProperties) = preSolution
		HideSolutionNode = FALSE
	EndGlobalSection
	GlobalSection(ExtensibilityGlobals) = postSolution
		SolutionGuid = {FDCD2075-29C5-4501-90B5-7FB18AF0C3F0}
	EndGlobalSection
EndGlobal
