
Microsoft Visual Studio Solution File, Format Version 12.00
# Visual Studio Version 17
VisualStudioVersion = 17.5.002.0
MinimumVisualStudioVersion = 10.0.40219.1
Project("{9A19103F-16F7-4668-BE54-9A1E7A4F7556}") = "APL2007M3SalesReport-NewCodeChallenge", "APL2007M3SalesReport-NewCodeChallenge.csproj", "{1486A2F4-8383-4373-94F1-FC36422DCDC8}"
EndProject
Global
	GlobalSection(SolutionConfigurationPlatforms) = preSolution
		Debug|Any CPU = Debug|Any CPU
		Release|Any CPU = Release|Any CPU
	EndGlobalSection
	GlobalSection(ProjectConfigurationPlatforms) = postSolution
		{1486A2F4-8383-4373-94F1-FC36422DCDC8}.Debug|Any CPU.ActiveCfg = Debug|Any CPU
		{1486A2F4-8383-4373-94F1-FC36422DCDC8}.Debug|Any CPU.Build.0 = Debug|Any CPU
		{1486A2F4-8383-4373-94F1-FC36422DCDC8}.Release|Any CPU.ActiveCfg = Release|Any CPU
		{1486A2F4-8383-4373-94F1-FC36422DCDC8}.Release|Any CPU.Build.0 = Release|Any CPU
	EndGlobalSection
	GlobalSection(SolutionProperties) = preSolution
		HideSolutionNode = FALSE
	EndGlobalSection
	GlobalSection(ExtensibilityGlobals) = postSolution
		SolutionGuid = {B28042C8-4719-46F2-A84F-B93261847D3C}
	EndGlobalSection
EndGlobal
