
Microsoft Visual Studio Solution File, Format Version 12.00
# Visual Studio Version 17
VisualStudioVersion = 17.5.002.0
MinimumVisualStudioVersion = 10.0.40219.1
Project("{9A19103F-16F7-4668-BE54-9A1E7A4F7556}") = "BankAccount.UnitTests", "BankAccount.UnitTests\BankAccount.UnitTests.csproj", "{C70DAF56-C1AD-4F92-854C-4054AF6793DF}"
EndProject
Project("{9A19103F-16F7-4668-BE54-9A1E7A4F7556}") = "BankAccount", "BankAccountClass\BankAccount.csproj", "{2A1A98A4-C1D3-4C82-A484-5F15E115ECE3}"
EndProject
Global
	GlobalSection(SolutionConfigurationPlatforms) = preSolution
		Debug|Any CPU = Debug|Any CPU
		Release|Any CPU = Release|Any CPU
	EndGlobalSection
	GlobalSection(ProjectConfigurationPlatforms) = postSolution
		{C70DAF56-C1AD-4F92-854C-4054AF6793DF}.Debug|Any CPU.ActiveCfg = Debug|Any CPU
		{C70DAF56-C1AD-4F92-854C-4054AF6793DF}.Debug|Any CPU.Build.0 = Debug|Any CPU
		{C70DAF56-C1AD-4F92-854C-4054AF6793DF}.Release|Any CPU.ActiveCfg = Release|Any CPU
		{C70DAF56-C1AD-4F92-854C-4054AF6793DF}.Release|Any CPU.Build.0 = Release|Any CPU
		{2A1A98A4-C1D3-4C82-A484-5F15E115ECE3}.Debug|Any CPU.ActiveCfg = Debug|Any CPU
		{2A1A98A4-C1D3-4C82-A484-5F15E115ECE3}.Debug|Any CPU.Build.0 = Debug|Any CPU
		{2A1A98A4-C1D3-4C82-A484-5F15E115ECE3}.Release|Any CPU.ActiveCfg = Release|Any CPU
		{2A1A98A4-C1D3-4C82-A484-5F15E115ECE3}.Release|Any CPU.Build.0 = Release|Any CPU
	EndGlobalSection
	GlobalSection(SolutionProperties) = preSolution
		HideSolutionNode = FALSE
	EndGlobalSection
	GlobalSection(ExtensibilityGlobals) = postSolution
		SolutionGuid = {D4066D6E-EFA3-4F29-8998-AFB7F5E6CE1D}
	EndGlobalSection
EndGlobal
